
Microsoft Visual Studio Solution File, Format Version 12.00
# Visual Studio Version 16
VisualStudioVersion = 16.0.29123.88
MinimumVisualStudioVersion = 10.0.40219.1
Project("{9A19103F-16F7-4668-BE54-9A1E7A4F7556}") = "Musoq.Parser", "Musoq.Parser\Musoq.Parser.csproj", "{38B5F6DB-2DCB-46BF-A250-219D97B1C973}"
EndProject
Project("{9A19103F-16F7-4668-BE54-9A1E7A4F7556}") = "Musoq.Evaluator", "Musoq.Evaluator\Musoq.Evaluator.csproj", "{B50CC668-94C3-429A-9D1F-45F4BB40CB0B}"
EndProject
Project("{9A19103F-16F7-4668-BE54-9A1E7A4F7556}") = "Musoq.Converter", "Musoq.Converter\Musoq.Converter.csproj", "{F6710F80-75DF-4141-9C36-9E981D680665}"
EndProject
Project("{9A19103F-16F7-4668-BE54-9A1E7A4F7556}") = "Musoq.Schema", "Musoq.Schema\Musoq.Schema.csproj", "{1B7D2E6C-05A9-42E1-BE32-9A6821E390CA}"
EndProject
Project("{9A19103F-16F7-4668-BE54-9A1E7A4F7556}") = "Musoq.Plugins", "Musoq.Plugins\Musoq.Plugins.csproj", "{10775A77-BC60-47FD-A6FF-F02C3EA41944}"
EndProject
Project("{9A19103F-16F7-4668-BE54-9A1E7A4F7556}") = "Musoq.Evaluator.Tests.Core", "Musoq.Evaluator.Tests.Core\Musoq.Evaluator.Tests.Core.csproj", "{A04EDDB1-F09A-499F-BC2C-9714E9234C9C}"
EndProject
Project("{9A19103F-16F7-4668-BE54-9A1E7A4F7556}") = "Musoq.Schema.Tests", "Musoq.Schema.Tests\Musoq.Schema.Tests.csproj", "{BCACBD4A-2F62-48A4-AE71-3A947E038510}"
EndProject
Project("{9A19103F-16F7-4668-BE54-9A1E7A4F7556}") = "Musoq.Converter.Tests", "Musoq.Converter.Tests\Musoq.Converter.Tests.csproj", "{49CB3E2D-6464-4EBF-9832-A29DB4163566}"
EndProject
Project("{9A19103F-16F7-4668-BE54-9A1E7A4F7556}") = "Musoq.Plugins.Tests", "Musoq.Plugins.Tests\Musoq.Plugins.Tests.csproj", "{895E89E8-CCB8-4C29-B15E-8A37B3EFAECD}"
EndProject
Project("{2150E333-8FDC-42A3-9474-1A3956D46DE8}") = "Tools", "Tools", "{2F3A37EC-F95C-410F-A630-9A19B8125768}"
EndProject
Project("{9A19103F-16F7-4668-BE54-9A1E7A4F7556}") = "Musoq.Tools.CopyReleased", "Musoq.Tools.CopyReleased\Musoq.Tools.CopyReleased.csproj", "{9436065F-CE7F-4C8F-A7D0-83B74245EB36}"
EndProject
Project("{9A19103F-16F7-4668-BE54-9A1E7A4F7556}") = "Musoq.Schema.Csv", "Musoq.Schema.Csv\Musoq.Schema.Csv.csproj", "{08EE2355-3173-4888-A68E-1F3946D95BDA}"
EndProject
Project("{9A19103F-16F7-4668-BE54-9A1E7A4F7556}") = "Musoq.Schema.Csv.Tests.Core", "Musoq.Schema.Csv.Tests.Core\Musoq.Schema.Csv.Tests.Core.csproj", "{25BB79FB-7256-4CDA-87DE-7DF37296BA9A}"
EndProject
Project("{9A19103F-16F7-4668-BE54-9A1E7A4F7556}") = "Musoq.Schema.Os", "Musoq.Schema.Os\Musoq.Schema.Os.csproj", "{AFA50CED-A335-4559-B66D-60F65930258D}"
EndProject
Project("{9A19103F-16F7-4668-BE54-9A1E7A4F7556}") = "Musoq.Schema.Os.Tests.Core", "Musoq.Schema.Os.Tests.Core\Musoq.Schema.Os.Tests.Core.csproj", "{E6559CD8-2FA7-4155-AB33-991E9F1B9630}"
EndProject
Project("{9A19103F-16F7-4668-BE54-9A1E7A4F7556}") = "Musoq.Schema.FlatFile", "Musoq.Schema.FlatFile\Musoq.Schema.FlatFile.csproj", "{E322F923-CD39-46E7-AA17-9389006DEEF0}"
EndProject
Project("{9A19103F-16F7-4668-BE54-9A1E7A4F7556}") = "Musoq.Schema.FlatFileTests.Core", "Musoq.Schema.FlatFileTests.Core\Musoq.Schema.FlatFileTests.Core.csproj", "{9FA9AC5F-996B-4891-ACB1-8CCD03D54C8B}"
EndProject
Project("{9A19103F-16F7-4668-BE54-9A1E7A4F7556}") = "Musoq.Schema.Json", "Musoq.Schema.Json\Musoq.Schema.Json.csproj", "{71962845-A78D-43D0-A157-A47B8E03F6E1}"
EndProject
Project("{9A19103F-16F7-4668-BE54-9A1E7A4F7556}") = "Musoq.Schema.Json.Tests.Core", "Musoq.Schema.Json.Tests.Core\Musoq.Schema.Json.Tests.Core.csproj", "{C3FBB86C-289E-42F8-9178-1AEEB2B521ED}"
EndProject
Project("{9A19103F-16F7-4668-BE54-9A1E7A4F7556}") = "Musoq.Schema.System", "Musoq.Schema.System\Musoq.Schema.System.csproj", "{99FE5FAC-D63B-4AC9-AF17-D7BFAD870ADA}"
EndProject
Project("{9A19103F-16F7-4668-BE54-9A1E7A4F7556}") = "Musoq.Schema.System.Tests", "Musoq.Schema.System.Tests\Musoq.Schema.System.Tests.csproj", "{A30F4B61-31EF-4243-B5E9-D3F1B486604E}"
EndProject
Project("{9A19103F-16F7-4668-BE54-9A1E7A4F7556}") = "Musoq.Schema.Time", "Musoq.Schema.Time.Core\Musoq.Schema.Time.csproj", "{7CD8B2C1-B5BA-419E-81BD-73114C97098D}"
EndProject
Project("{9A19103F-16F7-4668-BE54-9A1E7A4F7556}") = "Musoq.Schema.Time.Tests.Core", "Musoq.Schema.Time.Tests.Core\Musoq.Schema.Time.Tests.Core.csproj", "{75374CB9-F751-4C5A-BD6E-0F82C3BEA436}"
EndProject
Project("{FAE04EC0-301F-11D3-BF4B-00C04F79EFBC}") = "Musoq.Schema.Xml", "Musoq.Schema.Xml\Musoq.Schema.Xml.csproj", "{0B4D1600-9815-4EED-8E3F-91FBD05984B2}"
EndProject
Project("{FAE04EC0-301F-11D3-BF4B-00C04F79EFBC}") = "Musoq.Schema.Xml.Tests", "Musoq.Schema.Xml.Tests\Musoq.Schema.Xml.Tests.csproj", "{49D0580B-7DB6-4FDD-8672-0B1C46210D17}"
EndProject
Global
	GlobalSection(SolutionConfigurationPlatforms) = preSolution
		Debug|Any CPU = Debug|Any CPU
		Debug|x64 = Debug|x64
		Release|Any CPU = Release|Any CPU
		Release|x64 = Release|x64
	EndGlobalSection
	GlobalSection(ProjectConfigurationPlatforms) = postSolution
		{38B5F6DB-2DCB-46BF-A250-219D97B1C973}.Debug|Any CPU.ActiveCfg = Debug|Any CPU
		{38B5F6DB-2DCB-46BF-A250-219D97B1C973}.Debug|Any CPU.Build.0 = Debug|Any CPU
		{38B5F6DB-2DCB-46BF-A250-219D97B1C973}.Debug|x64.ActiveCfg = Debug|x64
		{38B5F6DB-2DCB-46BF-A250-219D97B1C973}.Debug|x64.Build.0 = Debug|x64
		{38B5F6DB-2DCB-46BF-A250-219D97B1C973}.Release|Any CPU.ActiveCfg = Release|Any CPU
		{38B5F6DB-2DCB-46BF-A250-219D97B1C973}.Release|Any CPU.Build.0 = Release|Any CPU
		{38B5F6DB-2DCB-46BF-A250-219D97B1C973}.Release|x64.ActiveCfg = Release|x64
		{38B5F6DB-2DCB-46BF-A250-219D97B1C973}.Release|x64.Build.0 = Release|x64
		{B50CC668-94C3-429A-9D1F-45F4BB40CB0B}.Debug|Any CPU.ActiveCfg = Debug|Any CPU
		{B50CC668-94C3-429A-9D1F-45F4BB40CB0B}.Debug|Any CPU.Build.0 = Debug|Any CPU
		{B50CC668-94C3-429A-9D1F-45F4BB40CB0B}.Debug|x64.ActiveCfg = Debug|x64
		{B50CC668-94C3-429A-9D1F-45F4BB40CB0B}.Debug|x64.Build.0 = Debug|x64
		{B50CC668-94C3-429A-9D1F-45F4BB40CB0B}.Release|Any CPU.ActiveCfg = Release|Any CPU
		{B50CC668-94C3-429A-9D1F-45F4BB40CB0B}.Release|Any CPU.Build.0 = Release|Any CPU
		{B50CC668-94C3-429A-9D1F-45F4BB40CB0B}.Release|x64.ActiveCfg = Release|x64
		{B50CC668-94C3-429A-9D1F-45F4BB40CB0B}.Release|x64.Build.0 = Release|x64
		{F6710F80-75DF-4141-9C36-9E981D680665}.Debug|Any CPU.ActiveCfg = Debug|Any CPU
		{F6710F80-75DF-4141-9C36-9E981D680665}.Debug|Any CPU.Build.0 = Debug|Any CPU
		{F6710F80-75DF-4141-9C36-9E981D680665}.Debug|x64.ActiveCfg = Debug|x64
		{F6710F80-75DF-4141-9C36-9E981D680665}.Debug|x64.Build.0 = Debug|x64
		{F6710F80-75DF-4141-9C36-9E981D680665}.Release|Any CPU.ActiveCfg = Release|Any CPU
		{F6710F80-75DF-4141-9C36-9E981D680665}.Release|Any CPU.Build.0 = Release|Any CPU
		{F6710F80-75DF-4141-9C36-9E981D680665}.Release|x64.ActiveCfg = Release|x64
		{F6710F80-75DF-4141-9C36-9E981D680665}.Release|x64.Build.0 = Release|x64
		{1B7D2E6C-05A9-42E1-BE32-9A6821E390CA}.Debug|Any CPU.ActiveCfg = Debug|Any CPU
		{1B7D2E6C-05A9-42E1-BE32-9A6821E390CA}.Debug|Any CPU.Build.0 = Debug|Any CPU
		{1B7D2E6C-05A9-42E1-BE32-9A6821E390CA}.Debug|x64.ActiveCfg = Debug|x64
		{1B7D2E6C-05A9-42E1-BE32-9A6821E390CA}.Debug|x64.Build.0 = Debug|x64
		{1B7D2E6C-05A9-42E1-BE32-9A6821E390CA}.Release|Any CPU.ActiveCfg = Release|Any CPU
		{1B7D2E6C-05A9-42E1-BE32-9A6821E390CA}.Release|Any CPU.Build.0 = Release|Any CPU
		{1B7D2E6C-05A9-42E1-BE32-9A6821E390CA}.Release|x64.ActiveCfg = Release|x64
		{1B7D2E6C-05A9-42E1-BE32-9A6821E390CA}.Release|x64.Build.0 = Release|x64
		{10775A77-BC60-47FD-A6FF-F02C3EA41944}.Debug|Any CPU.ActiveCfg = Debug|Any CPU
		{10775A77-BC60-47FD-A6FF-F02C3EA41944}.Debug|Any CPU.Build.0 = Debug|Any CPU
		{10775A77-BC60-47FD-A6FF-F02C3EA41944}.Debug|x64.ActiveCfg = Debug|x64
		{10775A77-BC60-47FD-A6FF-F02C3EA41944}.Debug|x64.Build.0 = Debug|x64
		{10775A77-BC60-47FD-A6FF-F02C3EA41944}.Release|Any CPU.ActiveCfg = Release|Any CPU
		{10775A77-BC60-47FD-A6FF-F02C3EA41944}.Release|Any CPU.Build.0 = Release|Any CPU
		{10775A77-BC60-47FD-A6FF-F02C3EA41944}.Release|x64.ActiveCfg = Release|x64
		{10775A77-BC60-47FD-A6FF-F02C3EA41944}.Release|x64.Build.0 = Release|x64
		{A04EDDB1-F09A-499F-BC2C-9714E9234C9C}.Debug|Any CPU.ActiveCfg = Debug|Any CPU
		{A04EDDB1-F09A-499F-BC2C-9714E9234C9C}.Debug|Any CPU.Build.0 = Debug|Any CPU
		{A04EDDB1-F09A-499F-BC2C-9714E9234C9C}.Debug|x64.ActiveCfg = Debug|Any CPU
		{A04EDDB1-F09A-499F-BC2C-9714E9234C9C}.Debug|x64.Build.0 = Debug|Any CPU
		{A04EDDB1-F09A-499F-BC2C-9714E9234C9C}.Release|Any CPU.ActiveCfg = Release|Any CPU
		{A04EDDB1-F09A-499F-BC2C-9714E9234C9C}.Release|Any CPU.Build.0 = Release|Any CPU
		{A04EDDB1-F09A-499F-BC2C-9714E9234C9C}.Release|x64.ActiveCfg = Release|Any CPU
		{A04EDDB1-F09A-499F-BC2C-9714E9234C9C}.Release|x64.Build.0 = Release|Any CPU
		{BCACBD4A-2F62-48A4-AE71-3A947E038510}.Debug|Any CPU.ActiveCfg = Debug|Any CPU
		{BCACBD4A-2F62-48A4-AE71-3A947E038510}.Debug|Any CPU.Build.0 = Debug|Any CPU
		{BCACBD4A-2F62-48A4-AE71-3A947E038510}.Debug|x64.ActiveCfg = Debug|Any CPU
		{BCACBD4A-2F62-48A4-AE71-3A947E038510}.Debug|x64.Build.0 = Debug|Any CPU
		{BCACBD4A-2F62-48A4-AE71-3A947E038510}.Release|Any CPU.ActiveCfg = Release|Any CPU
		{BCACBD4A-2F62-48A4-AE71-3A947E038510}.Release|Any CPU.Build.0 = Release|Any CPU
		{BCACBD4A-2F62-48A4-AE71-3A947E038510}.Release|x64.ActiveCfg = Release|Any CPU
		{BCACBD4A-2F62-48A4-AE71-3A947E038510}.Release|x64.Build.0 = Release|Any CPU
		{49CB3E2D-6464-4EBF-9832-A29DB4163566}.Debug|Any CPU.ActiveCfg = Debug|Any CPU
		{49CB3E2D-6464-4EBF-9832-A29DB4163566}.Debug|Any CPU.Build.0 = Debug|Any CPU
		{49CB3E2D-6464-4EBF-9832-A29DB4163566}.Debug|x64.ActiveCfg = Debug|Any CPU
		{49CB3E2D-6464-4EBF-9832-A29DB4163566}.Debug|x64.Build.0 = Debug|Any CPU
		{49CB3E2D-6464-4EBF-9832-A29DB4163566}.Release|Any CPU.ActiveCfg = Release|Any CPU
		{49CB3E2D-6464-4EBF-9832-A29DB4163566}.Release|Any CPU.Build.0 = Release|Any CPU
		{49CB3E2D-6464-4EBF-9832-A29DB4163566}.Release|x64.ActiveCfg = Release|Any CPU
		{49CB3E2D-6464-4EBF-9832-A29DB4163566}.Release|x64.Build.0 = Release|Any CPU
		{895E89E8-CCB8-4C29-B15E-8A37B3EFAECD}.Debug|Any CPU.ActiveCfg = Debug|Any CPU
		{895E89E8-CCB8-4C29-B15E-8A37B3EFAECD}.Debug|Any CPU.Build.0 = Debug|Any CPU
		{895E89E8-CCB8-4C29-B15E-8A37B3EFAECD}.Debug|x64.ActiveCfg = Debug|Any CPU
		{895E89E8-CCB8-4C29-B15E-8A37B3EFAECD}.Debug|x64.Build.0 = Debug|Any CPU
		{895E89E8-CCB8-4C29-B15E-8A37B3EFAECD}.Release|Any CPU.ActiveCfg = Release|Any CPU
		{895E89E8-CCB8-4C29-B15E-8A37B3EFAECD}.Release|Any CPU.Build.0 = Release|Any CPU
		{895E89E8-CCB8-4C29-B15E-8A37B3EFAECD}.Release|x64.ActiveCfg = Release|Any CPU
		{895E89E8-CCB8-4C29-B15E-8A37B3EFAECD}.Release|x64.Build.0 = Release|Any CPU
		{9436065F-CE7F-4C8F-A7D0-83B74245EB36}.Debug|Any CPU.ActiveCfg = Debug|Any CPU
		{9436065F-CE7F-4C8F-A7D0-83B74245EB36}.Debug|Any CPU.Build.0 = Debug|Any CPU
		{9436065F-CE7F-4C8F-A7D0-83B74245EB36}.Debug|x64.ActiveCfg = Debug|Any CPU
		{9436065F-CE7F-4C8F-A7D0-83B74245EB36}.Debug|x64.Build.0 = Debug|Any CPU
		{9436065F-CE7F-4C8F-A7D0-83B74245EB36}.Release|Any CPU.ActiveCfg = Release|Any CPU
		{9436065F-CE7F-4C8F-A7D0-83B74245EB36}.Release|Any CPU.Build.0 = Release|Any CPU
		{9436065F-CE7F-4C8F-A7D0-83B74245EB36}.Release|x64.ActiveCfg = Release|Any CPU
		{9436065F-CE7F-4C8F-A7D0-83B74245EB36}.Release|x64.Build.0 = Release|Any CPU
		{08EE2355-3173-4888-A68E-1F3946D95BDA}.Debug|Any CPU.ActiveCfg = Debug|Any CPU
		{08EE2355-3173-4888-A68E-1F3946D95BDA}.Debug|Any CPU.Build.0 = Debug|Any CPU
		{08EE2355-3173-4888-A68E-1F3946D95BDA}.Debug|x64.ActiveCfg = Debug|x64
		{08EE2355-3173-4888-A68E-1F3946D95BDA}.Debug|x64.Build.0 = Debug|x64
		{08EE2355-3173-4888-A68E-1F3946D95BDA}.Release|Any CPU.ActiveCfg = Release|Any CPU
		{08EE2355-3173-4888-A68E-1F3946D95BDA}.Release|Any CPU.Build.0 = Release|Any CPU
		{08EE2355-3173-4888-A68E-1F3946D95BDA}.Release|x64.ActiveCfg = Release|x64
		{08EE2355-3173-4888-A68E-1F3946D95BDA}.Release|x64.Build.0 = Release|x64
		{25BB79FB-7256-4CDA-87DE-7DF37296BA9A}.Debug|Any CPU.ActiveCfg = Debug|Any CPU
		{25BB79FB-7256-4CDA-87DE-7DF37296BA9A}.Debug|Any CPU.Build.0 = Debug|Any CPU
		{25BB79FB-7256-4CDA-87DE-7DF37296BA9A}.Debug|x64.ActiveCfg = Debug|Any CPU
		{25BB79FB-7256-4CDA-87DE-7DF37296BA9A}.Debug|x64.Build.0 = Debug|Any CPU
		{25BB79FB-7256-4CDA-87DE-7DF37296BA9A}.Release|Any CPU.ActiveCfg = Release|Any CPU
		{25BB79FB-7256-4CDA-87DE-7DF37296BA9A}.Release|Any CPU.Build.0 = Release|Any CPU
		{25BB79FB-7256-4CDA-87DE-7DF37296BA9A}.Release|x64.ActiveCfg = Release|Any CPU
		{25BB79FB-7256-4CDA-87DE-7DF37296BA9A}.Release|x64.Build.0 = Release|Any CPU
		{AFA50CED-A335-4559-B66D-60F65930258D}.Debug|Any CPU.ActiveCfg = Debug|Any CPU
		{AFA50CED-A335-4559-B66D-60F65930258D}.Debug|Any CPU.Build.0 = Debug|Any CPU
		{AFA50CED-A335-4559-B66D-60F65930258D}.Debug|x64.ActiveCfg = Debug|x64
		{AFA50CED-A335-4559-B66D-60F65930258D}.Debug|x64.Build.0 = Debug|x64
		{AFA50CED-A335-4559-B66D-60F65930258D}.Release|Any CPU.ActiveCfg = Release|Any CPU
		{AFA50CED-A335-4559-B66D-60F65930258D}.Release|Any CPU.Build.0 = Release|Any CPU
		{AFA50CED-A335-4559-B66D-60F65930258D}.Release|x64.ActiveCfg = Release|x64
		{AFA50CED-A335-4559-B66D-60F65930258D}.Release|x64.Build.0 = Release|x64
		{E6559CD8-2FA7-4155-AB33-991E9F1B9630}.Debug|Any CPU.ActiveCfg = Debug|Any CPU
		{E6559CD8-2FA7-4155-AB33-991E9F1B9630}.Debug|Any CPU.Build.0 = Debug|Any CPU
		{E6559CD8-2FA7-4155-AB33-991E9F1B9630}.Debug|x64.ActiveCfg = Debug|Any CPU
		{E6559CD8-2FA7-4155-AB33-991E9F1B9630}.Debug|x64.Build.0 = Debug|Any CPU
		{E6559CD8-2FA7-4155-AB33-991E9F1B9630}.Release|Any CPU.ActiveCfg = Release|Any CPU
		{E6559CD8-2FA7-4155-AB33-991E9F1B9630}.Release|Any CPU.Build.0 = Release|Any CPU
		{E6559CD8-2FA7-4155-AB33-991E9F1B9630}.Release|x64.ActiveCfg = Release|Any CPU
		{E6559CD8-2FA7-4155-AB33-991E9F1B9630}.Release|x64.Build.0 = Release|Any CPU
		{E322F923-CD39-46E7-AA17-9389006DEEF0}.Debug|Any CPU.ActiveCfg = Debug|Any CPU
		{E322F923-CD39-46E7-AA17-9389006DEEF0}.Debug|Any CPU.Build.0 = Debug|Any CPU
		{E322F923-CD39-46E7-AA17-9389006DEEF0}.Debug|x64.ActiveCfg = Debug|x64
		{E322F923-CD39-46E7-AA17-9389006DEEF0}.Debug|x64.Build.0 = Debug|x64
		{E322F923-CD39-46E7-AA17-9389006DEEF0}.Release|Any CPU.ActiveCfg = Release|Any CPU
		{E322F923-CD39-46E7-AA17-9389006DEEF0}.Release|Any CPU.Build.0 = Release|Any CPU
		{E322F923-CD39-46E7-AA17-9389006DEEF0}.Release|x64.ActiveCfg = Release|x64
		{E322F923-CD39-46E7-AA17-9389006DEEF0}.Release|x64.Build.0 = Release|x64
		{9FA9AC5F-996B-4891-ACB1-8CCD03D54C8B}.Debug|Any CPU.ActiveCfg = Debug|Any CPU
		{9FA9AC5F-996B-4891-ACB1-8CCD03D54C8B}.Debug|Any CPU.Build.0 = Debug|Any CPU
		{9FA9AC5F-996B-4891-ACB1-8CCD03D54C8B}.Debug|x64.ActiveCfg = Debug|Any CPU
		{9FA9AC5F-996B-4891-ACB1-8CCD03D54C8B}.Debug|x64.Build.0 = Debug|Any CPU
		{9FA9AC5F-996B-4891-ACB1-8CCD03D54C8B}.Release|Any CPU.ActiveCfg = Release|Any CPU
		{9FA9AC5F-996B-4891-ACB1-8CCD03D54C8B}.Release|Any CPU.Build.0 = Release|Any CPU
		{9FA9AC5F-996B-4891-ACB1-8CCD03D54C8B}.Release|x64.ActiveCfg = Release|Any CPU
		{9FA9AC5F-996B-4891-ACB1-8CCD03D54C8B}.Release|x64.Build.0 = Release|Any CPU
		{71962845-A78D-43D0-A157-A47B8E03F6E1}.Debug|Any CPU.ActiveCfg = Debug|Any CPU
		{71962845-A78D-43D0-A157-A47B8E03F6E1}.Debug|Any CPU.Build.0 = Debug|Any CPU
		{71962845-A78D-43D0-A157-A47B8E03F6E1}.Debug|x64.ActiveCfg = Debug|x64
		{71962845-A78D-43D0-A157-A47B8E03F6E1}.Debug|x64.Build.0 = Debug|x64
		{71962845-A78D-43D0-A157-A47B8E03F6E1}.Release|Any CPU.ActiveCfg = Release|Any CPU
		{71962845-A78D-43D0-A157-A47B8E03F6E1}.Release|Any CPU.Build.0 = Release|Any CPU
		{71962845-A78D-43D0-A157-A47B8E03F6E1}.Release|x64.ActiveCfg = Release|x64
		{71962845-A78D-43D0-A157-A47B8E03F6E1}.Release|x64.Build.0 = Release|x64
		{C3FBB86C-289E-42F8-9178-1AEEB2B521ED}.Debug|Any CPU.ActiveCfg = Debug|Any CPU
		{C3FBB86C-289E-42F8-9178-1AEEB2B521ED}.Debug|Any CPU.Build.0 = Debug|Any CPU
		{C3FBB86C-289E-42F8-9178-1AEEB2B521ED}.Debug|x64.ActiveCfg = Debug|Any CPU
		{C3FBB86C-289E-42F8-9178-1AEEB2B521ED}.Debug|x64.Build.0 = Debug|Any CPU
		{C3FBB86C-289E-42F8-9178-1AEEB2B521ED}.Release|Any CPU.ActiveCfg = Release|Any CPU
		{C3FBB86C-289E-42F8-9178-1AEEB2B521ED}.Release|Any CPU.Build.0 = Release|Any CPU
		{C3FBB86C-289E-42F8-9178-1AEEB2B521ED}.Release|x64.ActiveCfg = Release|Any CPU
		{C3FBB86C-289E-42F8-9178-1AEEB2B521ED}.Release|x64.Build.0 = Release|Any CPU
		{99FE5FAC-D63B-4AC9-AF17-D7BFAD870ADA}.Debug|Any CPU.ActiveCfg = Debug|Any CPU
		{99FE5FAC-D63B-4AC9-AF17-D7BFAD870ADA}.Debug|Any CPU.Build.0 = Debug|Any CPU
		{99FE5FAC-D63B-4AC9-AF17-D7BFAD870ADA}.Debug|x64.ActiveCfg = Debug|Any CPU
		{99FE5FAC-D63B-4AC9-AF17-D7BFAD870ADA}.Debug|x64.Build.0 = Debug|Any CPU
		{99FE5FAC-D63B-4AC9-AF17-D7BFAD870ADA}.Release|Any CPU.ActiveCfg = Release|Any CPU
		{99FE5FAC-D63B-4AC9-AF17-D7BFAD870ADA}.Release|Any CPU.Build.0 = Release|Any CPU
		{99FE5FAC-D63B-4AC9-AF17-D7BFAD870ADA}.Release|x64.ActiveCfg = Release|Any CPU
		{99FE5FAC-D63B-4AC9-AF17-D7BFAD870ADA}.Release|x64.Build.0 = Release|Any CPU
		{A30F4B61-31EF-4243-B5E9-D3F1B486604E}.Debug|Any CPU.ActiveCfg = Debug|Any CPU
		{A30F4B61-31EF-4243-B5E9-D3F1B486604E}.Debug|Any CPU.Build.0 = Debug|Any CPU
		{A30F4B61-31EF-4243-B5E9-D3F1B486604E}.Debug|x64.ActiveCfg = Debug|Any CPU
		{A30F4B61-31EF-4243-B5E9-D3F1B486604E}.Debug|x64.Build.0 = Debug|Any CPU
		{A30F4B61-31EF-4243-B5E9-D3F1B486604E}.Release|Any CPU.ActiveCfg = Release|Any CPU
		{A30F4B61-31EF-4243-B5E9-D3F1B486604E}.Release|Any CPU.Build.0 = Release|Any CPU
		{A30F4B61-31EF-4243-B5E9-D3F1B486604E}.Release|x64.ActiveCfg = Release|Any CPU
		{A30F4B61-31EF-4243-B5E9-D3F1B486604E}.Release|x64.Build.0 = Release|Any CPU
		{7CD8B2C1-B5BA-419E-81BD-73114C97098D}.Debug|Any CPU.ActiveCfg = Debug|Any CPU
		{7CD8B2C1-B5BA-419E-81BD-73114C97098D}.Debug|Any CPU.Build.0 = Debug|Any CPU
		{7CD8B2C1-B5BA-419E-81BD-73114C97098D}.Debug|x64.ActiveCfg = Debug|Any CPU
		{7CD8B2C1-B5BA-419E-81BD-73114C97098D}.Debug|x64.Build.0 = Debug|Any CPU
		{7CD8B2C1-B5BA-419E-81BD-73114C97098D}.Release|Any CPU.ActiveCfg = Release|Any CPU
		{7CD8B2C1-B5BA-419E-81BD-73114C97098D}.Release|Any CPU.Build.0 = Release|Any CPU
		{7CD8B2C1-B5BA-419E-81BD-73114C97098D}.Release|x64.ActiveCfg = Release|Any CPU
		{7CD8B2C1-B5BA-419E-81BD-73114C97098D}.Release|x64.Build.0 = Release|Any CPU
		{75374CB9-F751-4C5A-BD6E-0F82C3BEA436}.Debug|Any CPU.ActiveCfg = Debug|Any CPU
		{75374CB9-F751-4C5A-BD6E-0F82C3BEA436}.Debug|Any CPU.Build.0 = Debug|Any CPU
		{75374CB9-F751-4C5A-BD6E-0F82C3BEA436}.Debug|x64.ActiveCfg = Debug|Any CPU
		{75374CB9-F751-4C5A-BD6E-0F82C3BEA436}.Debug|x64.Build.0 = Debug|Any CPU
		{75374CB9-F751-4C5A-BD6E-0F82C3BEA436}.Release|Any CPU.ActiveCfg = Release|Any CPU
		{75374CB9-F751-4C5A-BD6E-0F82C3BEA436}.Release|Any CPU.Build.0 = Release|Any CPU
		{75374CB9-F751-4C5A-BD6E-0F82C3BEA436}.Release|x64.ActiveCfg = Release|Any CPU
		{75374CB9-F751-4C5A-BD6E-0F82C3BEA436}.Release|x64.Build.0 = Release|Any CPU
		{0B4D1600-9815-4EED-8E3F-91FBD05984B2}.Debug|Any CPU.ActiveCfg = Debug|Any CPU
		{0B4D1600-9815-4EED-8E3F-91FBD05984B2}.Debug|Any CPU.Build.0 = Debug|Any CPU
		{0B4D1600-9815-4EED-8E3F-91FBD05984B2}.Debug|x64.ActiveCfg = Debug|Any CPU
		{0B4D1600-9815-4EED-8E3F-91FBD05984B2}.Debug|x64.Build.0 = Debug|Any CPU
		{0B4D1600-9815-4EED-8E3F-91FBD05984B2}.Release|Any CPU.ActiveCfg = Release|Any CPU
		{0B4D1600-9815-4EED-8E3F-91FBD05984B2}.Release|Any CPU.Build.0 = Release|Any CPU
		{0B4D1600-9815-4EED-8E3F-91FBD05984B2}.Release|x64.ActiveCfg = Release|Any CPU
		{0B4D1600-9815-4EED-8E3F-91FBD05984B2}.Release|x64.Build.0 = Release|Any CPU
		{49D0580B-7DB6-4FDD-8672-0B1C46210D17}.Debug|Any CPU.ActiveCfg = Debug|Any CPU
		{49D0580B-7DB6-4FDD-8672-0B1C46210D17}.Debug|Any CPU.Build.0 = Debug|Any CPU
		{49D0580B-7DB6-4FDD-8672-0B1C46210D17}.Debug|x64.ActiveCfg = Debug|Any CPU
		{49D0580B-7DB6-4FDD-8672-0B1C46210D17}.Debug|x64.Build.0 = Debug|Any CPU
		{49D0580B-7DB6-4FDD-8672-0B1C46210D17}.Release|Any CPU.ActiveCfg = Release|Any CPU
		{49D0580B-7DB6-4FDD-8672-0B1C46210D17}.Release|Any CPU.Build.0 = Release|Any CPU
		{49D0580B-7DB6-4FDD-8672-0B1C46210D17}.Release|x64.ActiveCfg = Release|Any CPU
		{49D0580B-7DB6-4FDD-8672-0B1C46210D17}.Release|x64.Build.0 = Release|Any CPU
	EndGlobalSection
	GlobalSection(SolutionProperties) = preSolution
		HideSolutionNode = FALSE
	EndGlobalSection
	GlobalSection(NestedProjects) = preSolution
		{9436065F-CE7F-4C8F-A7D0-83B74245EB36} = {2F3A37EC-F95C-410F-A630-9A19B8125768}
	EndGlobalSection
	GlobalSection(ExtensibilityGlobals) = postSolution
		SolutionGuid = {141FB08E-DEFC-43AF-A4A2-F740E7E8328C}
	EndGlobalSection
	GlobalSection(Performance) = preSolution
		HasPerformanceSessions = true
	EndGlobalSection
	GlobalSection(Performance) = preSolution
		HasPerformanceSessions = true
	EndGlobalSection
	GlobalSection(Performance) = preSolution
		HasPerformanceSessions = true
	EndGlobalSection
	GlobalSection(Performance) = preSolution
		HasPerformanceSessions = true
	EndGlobalSection
	GlobalSection(Performance) = preSolution
		HasPerformanceSessions = true
	EndGlobalSection
	GlobalSection(Performance) = preSolution
		HasPerformanceSessions = true
	EndGlobalSection
EndGlobal
