
Microsoft Visual Studio Solution File, Format Version 12.00
# Visual Studio 15
VisualStudioVersion = 15.0.27130.2036
MinimumVisualStudioVersion = 10.0.40219.1
Project("{9A19103F-16F7-4668-BE54-9A1E7A4F7556}") = "Musoq.Console", "Musoq.Console\Musoq.Console.csproj", "{7060D9BD-A58C-40F3-BB76-DFA695D23D3C}"
EndProject
Project("{9A19103F-16F7-4668-BE54-9A1E7A4F7556}") = "Musoq.Parser", "Musoq.Parser\Musoq.Parser.csproj", "{38B5F6DB-2DCB-46BF-A250-219D97B1C973}"
EndProject
Project("{9A19103F-16F7-4668-BE54-9A1E7A4F7556}") = "Musoq.Evaluator", "Musoq.Evaluator\Musoq.Evaluator.csproj", "{B50CC668-94C3-429A-9D1F-45F4BB40CB0B}"
EndProject
Project("{9A19103F-16F7-4668-BE54-9A1E7A4F7556}") = "Musoq.Converter", "Musoq.Converter\Musoq.Converter.csproj", "{F6710F80-75DF-4141-9C36-9E981D680665}"
EndProject
Project("{9A19103F-16F7-4668-BE54-9A1E7A4F7556}") = "Musoq.Schema", "Musoq.Schema\Musoq.Schema.csproj", "{1B7D2E6C-05A9-42E1-BE32-9A6821E390CA}"
EndProject
Project("{9A19103F-16F7-4668-BE54-9A1E7A4F7556}") = "Musoq.Plugins", "Musoq.Plugins\Musoq.Plugins.csproj", "{10775A77-BC60-47FD-A6FF-F02C3EA41944}"
EndProject
Project("{FAE04EC0-301F-11D3-BF4B-00C04F79EFBC}") = "Musoq.Service.Client", "Musoq.Service.Client\Musoq.Service.Client.csproj", "{3B0093A7-344B-44F4-ABBD-0474231E8578}"
EndProject
Project("{FAE04EC0-301F-11D3-BF4B-00C04F79EFBC}") = "Musoq.Service", "Musoq.Service\Musoq.Service.csproj", "{B085AC53-D9CE-451E-B971-903A1B91B625}"
EndProject
Project("{9A19103F-16F7-4668-BE54-9A1E7A4F7556}") = "Musoq.Schema.Disk", "Musoq.Schema.Disk\Musoq.Schema.Disk.csproj", "{E4945F2F-34A6-40E3-81AA-C234E44F5893}"
EndProject
Project("{9A19103F-16F7-4668-BE54-9A1E7A4F7556}") = "Musoq.Schema.Csv", "Musoq.Schema.Csv\Musoq.Schema.Csv.csproj", "{44D1D33F-600A-444C-969B-E3258F5B2FDD}"
EndProject
Project("{FAE04EC0-301F-11D3-BF4B-00C04F79EFBC}") = "Musoq.Performance", "Musoq.Performance\Musoq.Performance.csproj", "{2DBAF0BB-6388-432A-99A7-F2C7BE502B4C}"
EndProject
Project("{9A19103F-16F7-4668-BE54-9A1E7A4F7556}") = "Musoq.Schema.Json", "Musoq.Schema.Json\Musoq.Schema.Json.csproj", "{67849BA1-CC86-479E-A6DC-252A927AA0A5}"
EndProject
Project("{FAE04EC0-301F-11D3-BF4B-00C04F79EFBC}") = "Musoq.Service.Client.Tests", "Musoq.Service.Client.Tests\Musoq.Service.Client.Tests.csproj", "{4F86FFB1-5F31-41B6-B935-2DC77EB1426B}"
EndProject
Project("{9A19103F-16F7-4668-BE54-9A1E7A4F7556}") = "Musoq.Schema.FlatFile", "Musoq.Schema.FlatFile\Musoq.Schema.FlatFile.csproj", "{1720D50B-F6AA-4654-9F05-71488FB3AD2D}"
EndProject
Project("{FAE04EC0-301F-11D3-BF4B-00C04F79EFBC}") = "Musoq.Schema.Git", "Musoq.Schema.Git\Musoq.Schema.Git.csproj", "{DDCD1887-28E5-45C3-B08B-D7E05F1B7F88}"
EndProject
Project("{FAE04EC0-301F-11D3-BF4B-00C04F79EFBC}") = "Musoq.Schema.Time", "Musoq.Schema.Time\Musoq.Schema.Time.csproj", "{7FD63301-226D-44F6-85AC-50A42D4933D4}"
EndProject
Project("{FAE04EC0-301F-11D3-BF4B-00C04F79EFBC}") = "Musoq.Schema.Plugins", "Musoq.Schema.Plugins\Musoq.Schema.Plugins.csproj", "{F0E5EC35-E5EE-432E-8D5E-AFB5DE062479}"
EndProject
Project("{FAE04EC0-301F-11D3-BF4B-00C04F79EFBC}") = "Musoq.Service.Environment", "Musoq.Service.Environment\Musoq.Service.Environment.csproj", "{6D8072F6-1974-475F-81BB-9BD6506FD059}"
EndProject
Project("{FAE04EC0-301F-11D3-BF4B-00C04F79EFBC}") = "Musoq.Evaluator.Tests.Core", "Musoq.Evaluator.Tests.Core\Musoq.Evaluator.Tests.Core.csproj", "{A04EDDB1-F09A-499F-BC2C-9714E9234C9C}"
EndProject
Project("{FAE04EC0-301F-11D3-BF4B-00C04F79EFBC}") = "Musoq.Schema.Json.Tests.Core", "Musoq.Schema.Json.Tests.Core\Musoq.Schema.Json.Tests.Core.csproj", "{782A7482-23C1-4A93-B8C2-0BCA09529E0C}"
EndProject
Project("{FAE04EC0-301F-11D3-BF4B-00C04F79EFBC}") = "Musoq.Schema.Csv.Tests.Core", "Musoq.Schema.Csv.Tests.Core\Musoq.Schema.Csv.Tests.Core.csproj", "{491CAF22-9277-4D31-AB1A-43D7AE631168}"
EndProject
Project("{FAE04EC0-301F-11D3-BF4B-00C04F79EFBC}") = "Musoq.Schema.FlatFileTests.Core", "Musoq.Schema.FlatFileTests.Core\Musoq.Schema.FlatFileTests.Core.csproj", "{2CDD9CF1-F9B1-4A50-8D3F-98E32770E668}"
EndProject
Project("{FAE04EC0-301F-11D3-BF4B-00C04F79EFBC}") = "Musoq.Schema.Disk.Tests.Core", "Musoq.Schema.Disk.Tests.Core\Musoq.Schema.Disk.Tests.Core.csproj", "{1CDBE41C-11C1-4C01-A3C0-00E157F1F619}"
EndProject
Project("{FAE04EC0-301F-11D3-BF4B-00C04F79EFBC}") = "Musoq.Schema.Time.Tests.Core", "Musoq.Schema.Time.Tests.Core\Musoq.Schema.Time.Tests.Core.csproj", "{44925DA5-8D31-4C30-A434-E404885144F4}"
EndProject
Global
	GlobalSection(SolutionConfigurationPlatforms) = preSolution
		Debug|Any CPU = Debug|Any CPU
		Release|Any CPU = Release|Any CPU
	EndGlobalSection
	GlobalSection(ProjectConfigurationPlatforms) = postSolution
		{7060D9BD-A58C-40F3-BB76-DFA695D23D3C}.Debug|Any CPU.ActiveCfg = Debug|Any CPU
		{7060D9BD-A58C-40F3-BB76-DFA695D23D3C}.Debug|Any CPU.Build.0 = Debug|Any CPU
		{7060D9BD-A58C-40F3-BB76-DFA695D23D3C}.Release|Any CPU.ActiveCfg = Release|Any CPU
		{7060D9BD-A58C-40F3-BB76-DFA695D23D3C}.Release|Any CPU.Build.0 = Release|Any CPU
		{38B5F6DB-2DCB-46BF-A250-219D97B1C973}.Debug|Any CPU.ActiveCfg = Debug|Any CPU
		{38B5F6DB-2DCB-46BF-A250-219D97B1C973}.Debug|Any CPU.Build.0 = Debug|Any CPU
		{38B5F6DB-2DCB-46BF-A250-219D97B1C973}.Release|Any CPU.ActiveCfg = Release|Any CPU
		{38B5F6DB-2DCB-46BF-A250-219D97B1C973}.Release|Any CPU.Build.0 = Release|Any CPU
		{B50CC668-94C3-429A-9D1F-45F4BB40CB0B}.Debug|Any CPU.ActiveCfg = Debug|Any CPU
		{B50CC668-94C3-429A-9D1F-45F4BB40CB0B}.Debug|Any CPU.Build.0 = Debug|Any CPU
		{B50CC668-94C3-429A-9D1F-45F4BB40CB0B}.Release|Any CPU.ActiveCfg = Release|Any CPU
		{B50CC668-94C3-429A-9D1F-45F4BB40CB0B}.Release|Any CPU.Build.0 = Release|Any CPU
		{F6710F80-75DF-4141-9C36-9E981D680665}.Debug|Any CPU.ActiveCfg = Debug|Any CPU
		{F6710F80-75DF-4141-9C36-9E981D680665}.Debug|Any CPU.Build.0 = Debug|Any CPU
		{F6710F80-75DF-4141-9C36-9E981D680665}.Release|Any CPU.ActiveCfg = Release|Any CPU
		{F6710F80-75DF-4141-9C36-9E981D680665}.Release|Any CPU.Build.0 = Release|Any CPU
		{1B7D2E6C-05A9-42E1-BE32-9A6821E390CA}.Debug|Any CPU.ActiveCfg = Debug|Any CPU
		{1B7D2E6C-05A9-42E1-BE32-9A6821E390CA}.Debug|Any CPU.Build.0 = Debug|Any CPU
		{1B7D2E6C-05A9-42E1-BE32-9A6821E390CA}.Release|Any CPU.ActiveCfg = Release|Any CPU
		{1B7D2E6C-05A9-42E1-BE32-9A6821E390CA}.Release|Any CPU.Build.0 = Release|Any CPU
		{10775A77-BC60-47FD-A6FF-F02C3EA41944}.Debug|Any CPU.ActiveCfg = Debug|Any CPU
		{10775A77-BC60-47FD-A6FF-F02C3EA41944}.Debug|Any CPU.Build.0 = Debug|Any CPU
		{10775A77-BC60-47FD-A6FF-F02C3EA41944}.Release|Any CPU.ActiveCfg = Release|Any CPU
		{10775A77-BC60-47FD-A6FF-F02C3EA41944}.Release|Any CPU.Build.0 = Release|Any CPU
		{3B0093A7-344B-44F4-ABBD-0474231E8578}.Debug|Any CPU.ActiveCfg = Debug|Any CPU
		{3B0093A7-344B-44F4-ABBD-0474231E8578}.Debug|Any CPU.Build.0 = Debug|Any CPU
		{3B0093A7-344B-44F4-ABBD-0474231E8578}.Release|Any CPU.ActiveCfg = Release|Any CPU
		{3B0093A7-344B-44F4-ABBD-0474231E8578}.Release|Any CPU.Build.0 = Release|Any CPU
		{B085AC53-D9CE-451E-B971-903A1B91B625}.Debug|Any CPU.ActiveCfg = Debug|Any CPU
		{B085AC53-D9CE-451E-B971-903A1B91B625}.Debug|Any CPU.Build.0 = Debug|Any CPU
		{B085AC53-D9CE-451E-B971-903A1B91B625}.Release|Any CPU.ActiveCfg = Release|Any CPU
		{B085AC53-D9CE-451E-B971-903A1B91B625}.Release|Any CPU.Build.0 = Release|Any CPU
		{E4945F2F-34A6-40E3-81AA-C234E44F5893}.Debug|Any CPU.ActiveCfg = Debug|Any CPU
		{E4945F2F-34A6-40E3-81AA-C234E44F5893}.Debug|Any CPU.Build.0 = Debug|Any CPU
		{E4945F2F-34A6-40E3-81AA-C234E44F5893}.Release|Any CPU.ActiveCfg = Release|Any CPU
		{E4945F2F-34A6-40E3-81AA-C234E44F5893}.Release|Any CPU.Build.0 = Release|Any CPU
		{44D1D33F-600A-444C-969B-E3258F5B2FDD}.Debug|Any CPU.ActiveCfg = Debug|Any CPU
		{44D1D33F-600A-444C-969B-E3258F5B2FDD}.Debug|Any CPU.Build.0 = Debug|Any CPU
		{44D1D33F-600A-444C-969B-E3258F5B2FDD}.Release|Any CPU.ActiveCfg = Release|Any CPU
		{44D1D33F-600A-444C-969B-E3258F5B2FDD}.Release|Any CPU.Build.0 = Release|Any CPU
		{2DBAF0BB-6388-432A-99A7-F2C7BE502B4C}.Debug|Any CPU.ActiveCfg = Debug|Any CPU
		{2DBAF0BB-6388-432A-99A7-F2C7BE502B4C}.Debug|Any CPU.Build.0 = Debug|Any CPU
		{2DBAF0BB-6388-432A-99A7-F2C7BE502B4C}.Release|Any CPU.ActiveCfg = Release|Any CPU
		{2DBAF0BB-6388-432A-99A7-F2C7BE502B4C}.Release|Any CPU.Build.0 = Release|Any CPU
		{67849BA1-CC86-479E-A6DC-252A927AA0A5}.Debug|Any CPU.ActiveCfg = Debug|Any CPU
		{67849BA1-CC86-479E-A6DC-252A927AA0A5}.Debug|Any CPU.Build.0 = Debug|Any CPU
		{67849BA1-CC86-479E-A6DC-252A927AA0A5}.Release|Any CPU.ActiveCfg = Release|Any CPU
		{67849BA1-CC86-479E-A6DC-252A927AA0A5}.Release|Any CPU.Build.0 = Release|Any CPU
		{4F86FFB1-5F31-41B6-B935-2DC77EB1426B}.Debug|Any CPU.ActiveCfg = Debug|Any CPU
		{4F86FFB1-5F31-41B6-B935-2DC77EB1426B}.Debug|Any CPU.Build.0 = Debug|Any CPU
		{4F86FFB1-5F31-41B6-B935-2DC77EB1426B}.Release|Any CPU.ActiveCfg = Release|Any CPU
		{4F86FFB1-5F31-41B6-B935-2DC77EB1426B}.Release|Any CPU.Build.0 = Release|Any CPU
		{1720D50B-F6AA-4654-9F05-71488FB3AD2D}.Debug|Any CPU.ActiveCfg = Debug|Any CPU
		{1720D50B-F6AA-4654-9F05-71488FB3AD2D}.Debug|Any CPU.Build.0 = Debug|Any CPU
		{1720D50B-F6AA-4654-9F05-71488FB3AD2D}.Release|Any CPU.ActiveCfg = Release|Any CPU
		{1720D50B-F6AA-4654-9F05-71488FB3AD2D}.Release|Any CPU.Build.0 = Release|Any CPU
		{DDCD1887-28E5-45C3-B08B-D7E05F1B7F88}.Debug|Any CPU.ActiveCfg = Debug|Any CPU
		{DDCD1887-28E5-45C3-B08B-D7E05F1B7F88}.Debug|Any CPU.Build.0 = Debug|Any CPU
		{DDCD1887-28E5-45C3-B08B-D7E05F1B7F88}.Release|Any CPU.ActiveCfg = Release|Any CPU
		{DDCD1887-28E5-45C3-B08B-D7E05F1B7F88}.Release|Any CPU.Build.0 = Release|Any CPU
		{7FD63301-226D-44F6-85AC-50A42D4933D4}.Debug|Any CPU.ActiveCfg = Debug|Any CPU
		{7FD63301-226D-44F6-85AC-50A42D4933D4}.Debug|Any CPU.Build.0 = Debug|Any CPU
		{7FD63301-226D-44F6-85AC-50A42D4933D4}.Release|Any CPU.ActiveCfg = Release|Any CPU
		{7FD63301-226D-44F6-85AC-50A42D4933D4}.Release|Any CPU.Build.0 = Release|Any CPU
		{F0E5EC35-E5EE-432E-8D5E-AFB5DE062479}.Debug|Any CPU.ActiveCfg = Debug|Any CPU
		{F0E5EC35-E5EE-432E-8D5E-AFB5DE062479}.Debug|Any CPU.Build.0 = Debug|Any CPU
		{F0E5EC35-E5EE-432E-8D5E-AFB5DE062479}.Release|Any CPU.ActiveCfg = Release|Any CPU
		{F0E5EC35-E5EE-432E-8D5E-AFB5DE062479}.Release|Any CPU.Build.0 = Release|Any CPU
		{6D8072F6-1974-475F-81BB-9BD6506FD059}.Debug|Any CPU.ActiveCfg = Debug|Any CPU
		{6D8072F6-1974-475F-81BB-9BD6506FD059}.Debug|Any CPU.Build.0 = Debug|Any CPU
		{6D8072F6-1974-475F-81BB-9BD6506FD059}.Release|Any CPU.ActiveCfg = Release|Any CPU
		{6D8072F6-1974-475F-81BB-9BD6506FD059}.Release|Any CPU.Build.0 = Release|Any CPU
		{A04EDDB1-F09A-499F-BC2C-9714E9234C9C}.Debug|Any CPU.ActiveCfg = Debug|Any CPU
		{A04EDDB1-F09A-499F-BC2C-9714E9234C9C}.Debug|Any CPU.Build.0 = Debug|Any CPU
		{A04EDDB1-F09A-499F-BC2C-9714E9234C9C}.Release|Any CPU.ActiveCfg = Release|Any CPU
		{A04EDDB1-F09A-499F-BC2C-9714E9234C9C}.Release|Any CPU.Build.0 = Release|Any CPU
		{782A7482-23C1-4A93-B8C2-0BCA09529E0C}.Debug|Any CPU.ActiveCfg = Debug|Any CPU
		{782A7482-23C1-4A93-B8C2-0BCA09529E0C}.Debug|Any CPU.Build.0 = Debug|Any CPU
		{782A7482-23C1-4A93-B8C2-0BCA09529E0C}.Release|Any CPU.ActiveCfg = Release|Any CPU
		{782A7482-23C1-4A93-B8C2-0BCA09529E0C}.Release|Any CPU.Build.0 = Release|Any CPU
		{491CAF22-9277-4D31-AB1A-43D7AE631168}.Debug|Any CPU.ActiveCfg = Debug|Any CPU
		{491CAF22-9277-4D31-AB1A-43D7AE631168}.Debug|Any CPU.Build.0 = Debug|Any CPU
		{491CAF22-9277-4D31-AB1A-43D7AE631168}.Release|Any CPU.ActiveCfg = Release|Any CPU
		{491CAF22-9277-4D31-AB1A-43D7AE631168}.Release|Any CPU.Build.0 = Release|Any CPU
		{2CDD9CF1-F9B1-4A50-8D3F-98E32770E668}.Debug|Any CPU.ActiveCfg = Debug|Any CPU
		{2CDD9CF1-F9B1-4A50-8D3F-98E32770E668}.Debug|Any CPU.Build.0 = Debug|Any CPU
		{2CDD9CF1-F9B1-4A50-8D3F-98E32770E668}.Release|Any CPU.ActiveCfg = Release|Any CPU
		{2CDD9CF1-F9B1-4A50-8D3F-98E32770E668}.Release|Any CPU.Build.0 = Release|Any CPU
		{1CDBE41C-11C1-4C01-A3C0-00E157F1F619}.Debug|Any CPU.ActiveCfg = Debug|Any CPU
		{1CDBE41C-11C1-4C01-A3C0-00E157F1F619}.Debug|Any CPU.Build.0 = Debug|Any CPU
		{1CDBE41C-11C1-4C01-A3C0-00E157F1F619}.Release|Any CPU.ActiveCfg = Release|Any CPU
		{1CDBE41C-11C1-4C01-A3C0-00E157F1F619}.Release|Any CPU.Build.0 = Release|Any CPU
		{44925DA5-8D31-4C30-A434-E404885144F4}.Debug|Any CPU.ActiveCfg = Debug|Any CPU
		{44925DA5-8D31-4C30-A434-E404885144F4}.Debug|Any CPU.Build.0 = Debug|Any CPU
		{44925DA5-8D31-4C30-A434-E404885144F4}.Release|Any CPU.ActiveCfg = Release|Any CPU
		{44925DA5-8D31-4C30-A434-E404885144F4}.Release|Any CPU.Build.0 = Release|Any CPU
	EndGlobalSection
	GlobalSection(SolutionProperties) = preSolution
		HideSolutionNode = FALSE
	EndGlobalSection
	GlobalSection(ExtensibilityGlobals) = postSolution
		SolutionGuid = {141FB08E-DEFC-43AF-A4A2-F740E7E8328C}
	EndGlobalSection
	GlobalSection(Performance) = preSolution
		HasPerformanceSessions = true
	EndGlobalSection
	GlobalSection(Performance) = preSolution
		HasPerformanceSessions = true
	EndGlobalSection
	GlobalSection(Performance) = preSolution
		HasPerformanceSessions = true
	EndGlobalSection
	GlobalSection(Performance) = preSolution
		HasPerformanceSessions = true
	EndGlobalSection
	GlobalSection(Performance) = preSolution
		HasPerformanceSessions = true
	EndGlobalSection
	GlobalSection(Performance) = preSolution
		HasPerformanceSessions = true
	EndGlobalSection
EndGlobal
